schema: '2.0'
stages:
  stage_01:
    cmd: python stage_01.py
    deps:
    - path: stage_01.py
      md5: 2646d6340a6dcec42c3b30d0d332aec8
      size: 78
    outs:
    - path: artifacts_01.txt
      md5: 7e6214bb528dd69609564aa1392a7e53
      size: 8
  stage_02:
    cmd: python stage_02.py
    deps:
    - path: artifacts_01.txt
      md5: 7e6214bb528dd69609564aa1392a7e53
      size: 8
    - path: stage_02.py
      md5: 0751a7b90b380bbe209b5ba15be85c8e
      size: 97
  stage_03:
    cmd: python stage_03.py
    deps:
    - path: artifacts_01.txt
      md5: 7e6214bb528dd69609564aa1392a7e53
      size: 8
    - path: stage_03.py
      md5: 6676cc6ff10d1092315057bc9b2226ef
      size: 171
    outs:
    - path: artifacts_02.txt
      md5: b10a8db164e0754105b7a99be72e3fe5
      size: 11
